
Microsoft Visual Studio Solution File, Format Version 12.00
# Visual Studio Version 16
VisualStudioVersion = 16.0.29509.3
MinimumVisualStudioVersion = 10.0.40219.1
Project("{9A19103F-16F7-4668-BE54-9A1E7A4F7556}") = "PetStore", "PetStore\PetStore.csproj", "{74602AC6-579C-4786-B36B-C20D5B8953B0}"
EndProject
Project("{2150E333-8FDC-42A3-9474-1A3956D46DE8}") = "Data", "Data", "{AAB598E2-D593-4A19-98A9-ED3100D514BB}"
EndProject
Project("{9A19103F-16F7-4668-BE54-9A1E7A4F7556}") = "PetStore.Data", "Data\PetStore.Data\PetStore.Data.csproj", "{5530B8A1-507A-4D4B-99DD-E9BB03C0059E}"
EndProject
Project("{9A19103F-16F7-4668-BE54-9A1E7A4F7556}") = "PetStore.Data.Models", "Data\PetStore.Data.Models\PetStore.Data.Models.csproj", "{C8A5D3F4-14E5-41D3-B3BF-51B4E47BE3C0}"
EndProject
Project("{2150E333-8FDC-42A3-9474-1A3956D46DE8}") = "Services", "Services", "{EE881E0D-D226-4492-A962-5451657CC09A}"
EndProject
Project("{9A19103F-16F7-4668-BE54-9A1E7A4F7556}") = "PetStore.Services", "Services\PetStore.Services\PetStore.Services.csproj", "{EB01B504-B10B-45C0-A10B-CB9BE5C7E93A}"
EndProject
Project("{9A19103F-16F7-4668-BE54-9A1E7A4F7556}") = "PetStore.Services.Models", "Services\PetStore.Services.Models\PetStore.Services.Models.csproj", "{8EFA1D56-C275-4F5D-A8E7-671F908EACCE}"
EndProject
Project("{FAE04EC0-301F-11D3-BF4B-00C04F79EFBC}") = "PetStore.Web", "Web\PetStore.Web\PetStore.Web.csproj", "{CA170668-DF9F-4943-ABEB-D1D97D2595B3}"
EndProject
Global
	GlobalSection(SolutionConfigurationPlatforms) = preSolution
		Debug|Any CPU = Debug|Any CPU
		Release|Any CPU = Release|Any CPU
	EndGlobalSection
	GlobalSection(ProjectConfigurationPlatforms) = postSolution
		{74602AC6-579C-4786-B36B-C20D5B8953B0}.Debug|Any CPU.ActiveCfg = Debug|Any CPU
		{74602AC6-579C-4786-B36B-C20D5B8953B0}.Debug|Any CPU.Build.0 = Debug|Any CPU
		{74602AC6-579C-4786-B36B-C20D5B8953B0}.Release|Any CPU.ActiveCfg = Release|Any CPU
		{74602AC6-579C-4786-B36B-C20D5B8953B0}.Release|Any CPU.Build.0 = Release|Any CPU
		{5530B8A1-507A-4D4B-99DD-E9BB03C0059E}.Debug|Any CPU.ActiveCfg = Debug|Any CPU
		{5530B8A1-507A-4D4B-99DD-E9BB03C0059E}.Debug|Any CPU.Build.0 = Debug|Any CPU
		{5530B8A1-507A-4D4B-99DD-E9BB03C0059E}.Release|Any CPU.ActiveCfg = Release|Any CPU
		{5530B8A1-507A-4D4B-99DD-E9BB03C0059E}.Release|Any CPU.Build.0 = Release|Any CPU
		{C8A5D3F4-14E5-41D3-B3BF-51B4E47BE3C0}.Debug|Any CPU.ActiveCfg = Debug|Any CPU
		{C8A5D3F4-14E5-41D3-B3BF-51B4E47BE3C0}.Debug|Any CPU.Build.0 = Debug|Any CPU
		{C8A5D3F4-14E5-41D3-B3BF-51B4E47BE3C0}.Release|Any CPU.ActiveCfg = Release|Any CPU
		{C8A5D3F4-14E5-41D3-B3BF-51B4E47BE3C0}.Release|Any CPU.Build.0 = Release|Any CPU
		{EB01B504-B10B-45C0-A10B-CB9BE5C7E93A}.Debug|Any CPU.ActiveCfg = Debug|Any CPU
		{EB01B504-B10B-45C0-A10B-CB9BE5C7E93A}.Debug|Any CPU.Build.0 = Debug|Any CPU
		{EB01B504-B10B-45C0-A10B-CB9BE5C7E93A}.Release|Any CPU.ActiveCfg = Release|Any CPU
		{EB01B504-B10B-45C0-A10B-CB9BE5C7E93A}.Release|Any CPU.Build.0 = Release|Any CPU
		{8EFA1D56-C275-4F5D-A8E7-671F908EACCE}.Debug|Any CPU.ActiveCfg = Debug|Any CPU
		{8EFA1D56-C275-4F5D-A8E7-671F908EACCE}.Debug|Any CPU.Build.0 = Debug|Any CPU
		{8EFA1D56-C275-4F5D-A8E7-671F908EACCE}.Release|Any CPU.ActiveCfg = Release|Any CPU
		{8EFA1D56-C275-4F5D-A8E7-671F908EACCE}.Release|Any CPU.Build.0 = Release|Any CPU
		{CA170668-DF9F-4943-ABEB-D1D97D2595B3}.Debug|Any CPU.ActiveCfg = Debug|Any CPU
		{CA170668-DF9F-4943-ABEB-D1D97D2595B3}.Debug|Any CPU.Build.0 = Debug|Any CPU
		{CA170668-DF9F-4943-ABEB-D1D97D2595B3}.Release|Any CPU.ActiveCfg = Release|Any CPU
		{CA170668-DF9F-4943-ABEB-D1D97D2595B3}.Release|Any CPU.Build.0 = Release|Any CPU
	EndGlobalSection
	GlobalSection(SolutionProperties) = preSolution
		HideSolutionNode = FALSE
	EndGlobalSection
	GlobalSection(NestedProjects) = preSolution
		{5530B8A1-507A-4D4B-99DD-E9BB03C0059E} = {AAB598E2-D593-4A19-98A9-ED3100D514BB}
		{C8A5D3F4-14E5-41D3-B3BF-51B4E47BE3C0} = {AAB598E2-D593-4A19-98A9-ED3100D514BB}
		{EB01B504-B10B-45C0-A10B-CB9BE5C7E93A} = {EE881E0D-D226-4492-A962-5451657CC09A}
		{8EFA1D56-C275-4F5D-A8E7-671F908EACCE} = {EE881E0D-D226-4492-A962-5451657CC09A}
	EndGlobalSection
	GlobalSection(ExtensibilityGlobals) = postSolution
		SolutionGuid = {D5B05FC9-7E97-4783-B685-5D5EC2F47C2B}
	EndGlobalSection
EndGlobal
